
Microsoft Visual Studio Solution File, Format Version 12.00
# Visual Studio Version 17
VisualStudioVersion = 17.13.35825.156 d17.13
MinimumVisualStudioVersion = 10.0.40219.1
Project("{FAE04EC0-301F-11D3-BF4B-00C04F79EFBC}") = "MarketSatis1", "MarketSatis1\MarketSatis1.csproj", "{F0B4F654-AE05-431E-A46C-229A47557468}"
EndProject
Global
	GlobalSection(SolutionConfigurationPlatforms) = preSolution
		Debug|Any CPU = Debug|Any CPU
		Release|Any CPU = Release|Any CPU
	EndGlobalSection
	GlobalSection(ProjectConfigurationPlatforms) = postSolution
		{F0B4F654-AE05-431E-A46C-229A47557468}.Debug|Any CPU.ActiveCfg = Debug|Any CPU
		{F0B4F654-AE05-431E-A46C-229A47557468}.Debug|Any CPU.Build.0 = Debug|Any CPU
		{F0B4F654-AE05-431E-A46C-229A47557468}.Release|Any CPU.ActiveCfg = Release|Any CPU
		{F0B4F654-AE05-431E-A46C-229A47557468}.Release|Any CPU.Build.0 = Release|Any CPU
	EndGlobalSection
	GlobalSection(SolutionProperties) = preSolution
		HideSolutionNode = FALSE
	EndGlobalSection
	GlobalSection(ExtensibilityGlobals) = postSolution
		SolutionGuid = {CD4EA129-2C43-47FB-B2A2-55FCBB088A86}
	EndGlobalSection
EndGlobal
